
Microsoft Visual Studio Solution File, Format Version 12.00
# Visual Studio Version 17
VisualStudioVersion = 17.6.33712.159
MinimumVisualStudioVersion = 10.0.40219.1
Project("{9A19103F-16F7-4668-BE54-9A1E7A4F7556}") = "Meetups.Web", "Meetups.Web\Meetups.Web.csproj", "{324BA3BD-EBA3-4FAF-A661-345FD3341381}"
EndProject
Project("{9A19103F-16F7-4668-BE54-9A1E7A4F7556}") = "Meetups.Domain", "Meetups.Domain\Meetups.Domain.csproj", "{65A63BEB-93A3-4754-8F0A-EB11B5402713}"
EndProject
Project("{9A19103F-16F7-4668-BE54-9A1E7A4F7556}") = "Meetups.Infrastructure", "Meetups.Infrastructure\Meetups.Infrastructure.csproj", "{E45C3C2B-6639-4781-95E1-F6B3A8211E62}"
EndProject
Project("{FAE04EC0-301F-11D3-BF4B-00C04F79EFBC}") = "Meetups.Application", "Meetups.Application\Meetups.Application.csproj", "{F80F9D27-688E-414E-B037-9B4E2859C2DA}"
EndProject
Global
	GlobalSection(SolutionConfigurationPlatforms) = preSolution
		Debug|Any CPU = Debug|Any CPU
		Release|Any CPU = Release|Any CPU
	EndGlobalSection
	GlobalSection(ProjectConfigurationPlatforms) = postSolution
		{324BA3BD-EBA3-4FAF-A661-345FD3341381}.Debug|Any CPU.ActiveCfg = Debug|Any CPU
		{324BA3BD-EBA3-4FAF-A661-345FD3341381}.Debug|Any CPU.Build.0 = Debug|Any CPU
		{324BA3BD-EBA3-4FAF-A661-345FD3341381}.Release|Any CPU.ActiveCfg = Release|Any CPU
		{324BA3BD-EBA3-4FAF-A661-345FD3341381}.Release|Any CPU.Build.0 = Release|Any CPU
		{65A63BEB-93A3-4754-8F0A-EB11B5402713}.Debug|Any CPU.ActiveCfg = Debug|Any CPU
		{65A63BEB-93A3-4754-8F0A-EB11B5402713}.Debug|Any CPU.Build.0 = Debug|Any CPU
		{65A63BEB-93A3-4754-8F0A-EB11B5402713}.Release|Any CPU.ActiveCfg = Release|Any CPU
		{65A63BEB-93A3-4754-8F0A-EB11B5402713}.Release|Any CPU.Build.0 = Release|Any CPU
		{E45C3C2B-6639-4781-95E1-F6B3A8211E62}.Debug|Any CPU.ActiveCfg = Debug|Any CPU
		{E45C3C2B-6639-4781-95E1-F6B3A8211E62}.Debug|Any CPU.Build.0 = Debug|Any CPU
		{E45C3C2B-6639-4781-95E1-F6B3A8211E62}.Release|Any CPU.ActiveCfg = Release|Any CPU
		{E45C3C2B-6639-4781-95E1-F6B3A8211E62}.Release|Any CPU.Build.0 = Release|Any CPU
		{F80F9D27-688E-414E-B037-9B4E2859C2DA}.Debug|Any CPU.ActiveCfg = Debug|Any CPU
		{F80F9D27-688E-414E-B037-9B4E2859C2DA}.Debug|Any CPU.Build.0 = Debug|Any CPU
		{F80F9D27-688E-414E-B037-9B4E2859C2DA}.Release|Any CPU.ActiveCfg = Release|Any CPU
		{F80F9D27-688E-414E-B037-9B4E2859C2DA}.Release|Any CPU.Build.0 = Release|Any CPU
	EndGlobalSection
	GlobalSection(SolutionProperties) = preSolution
		HideSolutionNode = FALSE
	EndGlobalSection
	GlobalSection(ExtensibilityGlobals) = postSolution
		SolutionGuid = {C13168CE-200C-40B8-9C70-8DDA25DBBA41}
	EndGlobalSection
EndGlobal
